// !$*UTF8*$!
{
	archiveVersion = 1;
	classes = {
	};
	objectVersion = 50;
	objects = {

/* Begin PBXBuildFile section */
		0B5D55DD21184F5A00F85585 /* AppDelegate.m in Sources */ = {isa = PBXBuildFile; fileRef = 0B5D55DC21184F5A00F85585 /* AppDelegate.m */; };
		0B5D55E021184F5A00F85585 /* ViewController.m in Sources */ = {isa = PBXBuildFile; fileRef = 0B5D55DF21184F5A00F85585 /* ViewController.m */; };
		0B5D55E321184F5A00F85585 /* Main.storyboard in Resources */ = {isa = PBXBuildFile; fileRef = 0B5D55E121184F5A00F85585 /* Main.storyboard */; };
		0B5D55E521184F5D00F85585 /* Assets.xcassets in Resources */ = {isa = PBXBuildFile; fileRef = 0B5D55E421184F5D00F85585 /* Assets.xcassets */; };
		0B5D55E821184F5D00F85585 /* LaunchScreen.storyboard in Resources */ = {isa = PBXBuildFile; fileRef = 0B5D55E621184F5D00F85585 /* LaunchScreen.storyboard */; };
		0B5D55EB21184F5D00F85585 /* main.m in Sources */ = {isa = PBXBuildFile; fileRef = 0B5D55EA21184F5D00F85585 /* main.m */; };
		0B5D55F521184F5D00F85585 /* ACFlipTests.m in Sources */ = {isa = PBXBuildFile; fileRef = 0B5D55F421184F5D00F85585 /* ACFlipTests.m */; };
		0B5D560021184F5D00F85585 /* ACFlipUITests.m in Sources */ = {isa = PBXBuildFile; fileRef = 0B5D55FF21184F5D00F85585 /* ACFlipUITests.m */; };
		0B5D560F2118505000F85585 /* RootViewController.m in Sources */ = {isa = PBXBuildFile; fileRef = 0B5D560D2118505000F85585 /* RootViewController.m */; };
		0B5D56132118509A00F85585 /* ACFlip.m in Sources */ = {isa = PBXBuildFile; fileRef = 0B5D56122118509A00F85585 /* ACFlip.m */; };
/* End PBXBuildFile section */

/* Begin PBXContainerItemProxy section */
		0B5D55F121184F5D00F85585 /* PBXContainerItemProxy */ = {
			isa = PBXContainerItemProxy;
			containerPortal = 0B5D55D021184F5A00F85585 /* Project object */;
			proxyType = 1;
			remoteGlobalIDString = 0B5D55D721184F5A00F85585;
			remoteInfo = ACFlip;
		};
		0B5D55FC21184F5D00F85585 /* PBXContainerItemProxy */ = {
			isa = PBXContainerItemProxy;
			containerPortal = 0B5D55D021184F5A00F85585 /* Project object */;
			proxyType = 1;
			remoteGlobalIDString = 0B5D55D721184F5A00F85585;
			remoteInfo = ACFlip;
		};
/* End PBXContainerItemProxy section */

/* Begin PBXFileReference section */
		0B5D55D821184F5A00F85585 /* ACFlip.app */ = {isa = PBXFileReference; explicitFileType = wrapper.application; includeInIndex = 0; path = ACFlip.app; sourceTree = BUILT_PRODUCTS_DIR; };
		0B5D55DB21184F5A00F85585 /* AppDelegate.h */ = {isa = PBXFileReference; lastKnownFileType = sourcecode.c.h; path = AppDelegate.h; sourceTree = "<group>"; };
		0B5D55DC21184F5A00F85585 /* AppDelegate.m */ = {isa = PBXFileReference; lastKnownFileType = sourcecode.c.objc; path = AppDelegate.m; sourceTree = "<group>"; };
		0B5D55DE21184F5A00F85585 /* ViewController.h */ = {isa = PBXFileReference; lastKnownFileType = sourcecode.c.h; path = ViewController.h; sourceTree = "<group>"; };
		0B5D55DF21184F5A00F85585 /* ViewController.m */ = {isa = PBXFileReference; lastKnownFileType = sourcecode.c.objc; path = ViewController.m; sourceTree = "<group>"; };
		0B5D55E221184F5A00F85585 /* Base */ = {isa = PBXFileReference; lastKnownFileType = file.storyboard; name = Base; path = Base.lproj/Main.storyboard; sourceTree = "<group>"; };
		0B5D55E421184F5D00F85585 /* Assets.xcassets */ = {isa = PBXFileReference; lastKnownFileType = folder.assetcatalog; path = Assets.xcassets; sourceTree = "<group>"; };
		0B5D55E721184F5D00F85585 /* Base */ = {isa = PBXFileReference; lastKnownFileType = file.storyboard; name = Base; path = Base.lproj/LaunchScreen.storyboard; sourceTree = "<group>"; };
		0B5D55E921184F5D00F85585 /* Info.plist */ = {isa = PBXFileReference; lastKnownFileType = text.plist.xml; path = Info.plist; sourceTree = "<group>"; };
		0B5D55EA21184F5D00F85585 /* main.m */ = {isa = PBXFileReference; lastKnownFileType = sourcecode.c.objc; path = main.m; sourceTree = "<group>"; };
		0B5D55F021184F5D00F85585 /* ACFlipTests.xctest */ = {isa = PBXFileReference; explicitFileType = wrapper.cfbundle; includeInIndex = 0; path = ACFlipTests.xctest; sourceTree = BUILT_PRODUCTS_DIR; };
		0B5D55F421184F5D00F85585 /* ACFlipTests.m */ = {isa = PBXFileReference; lastKnownFileType = sourcecode.c.objc; path = ACFlipTests.m; sourceTree = "<group>"; };
		0B5D55F621184F5D00F85585 /* Info.plist */ = {isa = PBXFileReference; lastKnownFileType = text.plist.xml; path = Info.plist; sourceTree = "<group>"; };
		0B5D55FB21184F5D00F85585 /* ACFlipUITests.xctest */ = {isa = PBXFileReference; explicitFileType = wrapper.cfbundle; includeInIndex = 0; path = ACFlipUITests.xctest; sourceTree = BUILT_PRODUCTS_DIR; };
		0B5D55FF21184F5D00F85585 /* ACFlipUITests.m */ = {isa = PBXFileReference; lastKnownFileType = sourcecode.c.objc; path = ACFlipUITests.m; sourceTree = "<group>"; };
		0B5D560121184F5D00F85585 /* Info.plist */ = {isa = PBXFileReference; lastKnownFileType = text.plist.xml; path = Info.plist; sourceTree = "<group>"; };
		0B5D560D2118505000F85585 /* RootViewController.m */ = {isa = PBXFileReference; fileEncoding = 4; lastKnownFileType = sourcecode.c.objc; path = RootViewController.m; sourceTree = "<group>"; };
		0B5D560E2118505000F85585 /* RootViewController.h */ = {isa = PBXFileReference; fileEncoding = 4; lastKnownFileType = sourcecode.c.h; path = RootViewController.h; sourceTree = "<group>"; };
		0B5D56112118509A00F85585 /* ACFlip.h */ = {isa = PBXFileReference; fileEncoding = 4; lastKnownFileType = sourcecode.c.h; path = ACFlip.h; sourceTree = "<group>"; };
		0B5D56122118509A00F85585 /* ACFlip.m */ = {isa = PBXFileReference; fileEncoding = 4; lastKnownFileType = sourcecode.c.objc; path = ACFlip.m; sourceTree = "<group>"; };
/* End PBXFileReference section */

/* Begin PBXFrameworksBuildPhase section */
		0B5D55D521184F5A00F85585 /* Frameworks */ = {
			isa = PBXFrameworksBuildPhase;
			buildActionMask = 2147483647;
			files = (
			);
			runOnlyForDeploymentPostprocessing = 0;
		};
		0B5D55ED21184F5D00F85585 /* Frameworks */ = {
			isa = PBXFrameworksBuildPhase;
			buildActionMask = 2147483647;
			files = (
			);
			runOnlyForDeploymentPostprocessing = 0;
		};
		0B5D55F821184F5D00F85585 /* Frameworks */ = {
			isa = PBXFrameworksBuildPhase;
			buildActionMask = 2147483647;
			files = (
			);
			runOnlyForDeploymentPostprocessing = 0;
		};
/* End PBXFrameworksBuildPhase section */

/* Begin PBXGroup section */
		0B5D55CF21184F5A00F85585 = {
			isa = PBXGroup;
			children = (
				0B5D55DA21184F5A00F85585 /* ACFlip */,
				0B5D55F321184F5D00F85585 /* ACFlipTests */,
				0B5D55FE21184F5D00F85585 /* ACFlipUITests */,
				0B5D55D921184F5A00F85585 /* Products */,
			);
			sourceTree = "<group>";
		};
		0B5D55D921184F5A00F85585 /* Products */ = {
			isa = PBXGroup;
			children = (
				0B5D55D821184F5A00F85585 /* ACFlip.app */,
				0B5D55F021184F5D00F85585 /* ACFlipTests.xctest */,
				0B5D55FB21184F5D00F85585 /* ACFlipUITests.xctest */,
			);
			name = Products;
			sourceTree = "<group>";
		};
		0B5D55DA21184F5A00F85585 /* ACFlip */ = {
			isa = PBXGroup;
			children = (
				0B5D56102118509A00F85585 /* source */,
				0B5D560E2118505000F85585 /* RootViewController.h */,
				0B5D560D2118505000F85585 /* RootViewController.m */,
				0B5D55DB21184F5A00F85585 /* AppDelegate.h */,
				0B5D55DC21184F5A00F85585 /* AppDelegate.m */,
				0B5D55DE21184F5A00F85585 /* ViewController.h */,
				0B5D55DF21184F5A00F85585 /* ViewController.m */,
				0B5D55E121184F5A00F85585 /* Main.storyboard */,
				0B5D55E421184F5D00F85585 /* Assets.xcassets */,
				0B5D55E621184F5D00F85585 /* LaunchScreen.storyboard */,
				0B5D55E921184F5D00F85585 /* Info.plist */,
				0B5D55EA21184F5D00F85585 /* main.m */,
			);
			path = ACFlip;
			sourceTree = "<group>";
		};
		0B5D55F321184F5D00F85585 /* ACFlipTests */ = {
			isa = PBXGroup;
			children = (
				0B5D55F421184F5D00F85585 /* ACFlipTests.m */,
				0B5D55F621184F5D00F85585 /* Info.plist */,
			);
			path = ACFlipTests;
			sourceTree = "<group>";
		};
		0B5D55FE21184F5D00F85585 /* ACFlipUITests */ = {
			isa = PBXGroup;
			children = (
				0B5D55FF21184F5D00F85585 /* ACFlipUITests.m */,
				0B5D560121184F5D00F85585 /* Info.plist */,
			);
			path = ACFlipUITests;
			sourceTree = "<group>";
		};
		0B5D56102118509A00F85585 /* source */ = {
			isa = PBXGroup;
			children = (
				0B5D56112118509A00F85585 /* ACFlip.h */,
				0B5D56122118509A00F85585 /* ACFlip.m */,
			);
			path = source;
			sourceTree = SOURCE_ROOT;
		};
/* End PBXGroup section */

/* Begin PBXNativeTarget section */
		0B5D55D721184F5A00F85585 /* ACFlip */ = {
			isa = PBXNativeTarget;
			buildConfigurationList = 0B5D560421184F5D00F85585 /* Build configuration list for PBXNativeTarget "ACFlip" */;
			buildPhases = (
				0B5D55D421184F5A00F85585 /* Sources */,
				0B5D55D521184F5A00F85585 /* Frameworks */,
				0B5D55D621184F5A00F85585 /* Resources */,
			);
			buildRules = (
			);
			dependencies = (
			);
			name = ACFlip;
			productName = ACFlip;
			productReference = 0B5D55D821184F5A00F85585 /* ACFlip.app */;
			productType = "com.apple.product-type.application";
		};
		0B5D55EF21184F5D00F85585 /* ACFlipTests */ = {
			isa = PBXNativeTarget;
			buildConfigurationList = 0B5D560721184F5D00F85585 /* Build configuration list for PBXNativeTarget "ACFlipTests" */;
			buildPhases = (
				0B5D55EC21184F5D00F85585 /* Sources */,
				0B5D55ED21184F5D00F85585 /* Frameworks */,
				0B5D55EE21184F5D00F85585 /* Resources */,
			);
			buildRules = (
			);
			dependencies = (
				0B5D55F221184F5D00F85585 /* PBXTargetDependency */,
			);
			name = ACFlipTests;
			productName = ACFlipTests;
			productReference = 0B5D55F021184F5D00F85585 /* ACFlipTests.xctest */;
			productType = "com.apple.product-type.bundle.unit-test";
		};
		0B5D55FA21184F5D00F85585 /* ACFlipUITests */ = {
			isa = PBXNativeTarget;
			buildConfigurationList = 0B5D560A21184F5D00F85585 /* Build configuration list for PBXNativeTarget "ACFlipUITests" */;
			buildPhases = (
				0B5D55F721184F5D00F85585 /* Sources */,
				0B5D55F821184F5D00F85585 /* Frameworks */,
				0B5D55F921184F5D00F85585 /* Resources */,
			);
			buildRules = (
			);
			dependencies = (
				0B5D55FD21184F5D00F85585 /* PBXTargetDependency */,
			);
			name = ACFlipUITests;
			productName = ACFlipUITests;
			productReference = 0B5D55FB21184F5D00F85585 /* ACFlipUITests.xctest */;
			productType = "com.apple.product-type.bundle.ui-testing";
		};
/* End PBXNativeTarget section */

/* Begin PBXProject section */
		0B5D55D021184F5A00F85585 /* Project object */ = {
			isa = PBXProject;
			attributes = {
				LastUpgradeCheck = 0940;
				ORGANIZATIONNAME = Kuah;
				TargetAttributes = {
					0B5D55D721184F5A00F85585 = {
						CreatedOnToolsVersion = 9.4.1;
					};
					0B5D55EF21184F5D00F85585 = {
						CreatedOnToolsVersion = 9.4.1;
						TestTargetID = 0B5D55D721184F5A00F85585;
					};
					0B5D55FA21184F5D00F85585 = {
						CreatedOnToolsVersion = 9.4.1;
						TestTargetID = 0B5D55D721184F5A00F85585;
					};
				};
			};
			buildConfigurationList = 0B5D55D321184F5A00F85585 /* Build configuration list for PBXProject "ACFlip" */;
			compatibilityVersion = "Xcode 9.3";
			developmentRegion = en;
			hasScannedForEncodings = 0;
			knownRegions = (
				en,
				Base,
			);
			mainGroup = 0B5D55CF21184F5A00F85585;
			productRefGroup = 0B5D55D921184F5A00F85585 /* Products */;
			projectDirPath = "";
			projectRoot = "";
			targets = (
				0B5D55D721184F5A00F85585 /* ACFlip */,
				0B5D55EF21184F5D00F85585 /* ACFlipTests */,
				0B5D55FA21184F5D00F85585 /* ACFlipUITests */,
			);
		};
/* End PBXProject section */

/* Begin PBXResourcesBuildPhase section */
		0B5D55D621184F5A00F85585 /* Resources */ = {
			isa = PBXResourcesBuildPhase;
			buildActionMask = 2147483647;
			files = (
				0B5D55E821184F5D00F85585 /* LaunchScreen.storyboard in Resources */,
				0B5D55E521184F5D00F85585 /* Assets.xcassets in Resources */,
				0B5D55E321184F5A00F85585 /* Main.storyboard in Resources */,
			);
			runOnlyForDeploymentPostprocessing = 0;
		};
		0B5D55EE21184F5D00F85585 /* Resources */ = {
			isa = PBXResourcesBuildPhase;
			buildActionMask = 2147483647;
			files = (
			);
			runOnlyForDeploymentPostprocessing = 0;
		};
		0B5D55F921184F5D00F85585 /* Resources */ = {
			isa = PBXResourcesBuildPhase;
			buildActionMask = 2147483647;
			files = (
			);
			runOnlyForDeploymentPostprocessing = 0;
		};
/* End PBXResourcesBuildPhase section */

/* Begin PBXSourcesBuildPhase section */
		0B5D55D421184F5A00F85585 /* Sources */ = {
			isa = PBXSourcesBuildPhase;
			buildActionMask = 2147483647;
			files = (
				0B5D55E021184F5A00F85585 /* ViewController.m in Sources */,
				0B5D55EB21184F5D00F85585 /* main.m in Sources */,
				0B5D56132118509A00F85585 /* ACFlip.m in Sources */,
				0B5D560F2118505000F85585 /* RootViewController.m in Sources */,
				0B5D55DD21184F5A00F85585 /* AppDelegate.m in Sources */,
			);
			runOnlyForDeploymentPostprocessing = 0;
		};
		0B5D55EC21184F5D00F85585 /* Sources */ = {
			isa = PBXSourcesBuildPhase;
			buildActionMask = 2147483647;
			files = (
				0B5D55F521184F5D00F85585 /* ACFlipTests.m in Sources */,
			);
			runOnlyForDeploymentPostprocessing = 0;
		};
		0B5D55F721184F5D00F85585 /* Sources */ = {
			isa = PBXSourcesBuildPhase;
			buildActionMask = 2147483647;
			files = (
				0B5D560021184F5D00F85585 /* ACFlipUITests.m in Sources */,
			);
			runOnlyForDeploymentPostprocessing = 0;
		};
/* End PBXSourcesBuildPhase section */

/* Begin PBXTargetDependency section */
		0B5D55F221184F5D00F85585 /* PBXTargetDependency */ = {
			isa = PBXTargetDependency;
			target = 0B5D55D721184F5A00F85585 /* ACFlip */;
			targetProxy = 0B5D55F121184F5D00F85585 /* PBXContainerItemProxy */;
		};
		0B5D55FD21184F5D00F85585 /* PBXTargetDependency */ = {
			isa = PBXTargetDependency;
			target = 0B5D55D721184F5A00F85585 /* ACFlip */;
			targetProxy = 0B5D55FC21184F5D00F85585 /* PBXContainerItemProxy */;
		};
/* End PBXTargetDependency section */

/* Begin PBXVariantGroup section */
		0B5D55E121184F5A00F85585 /* Main.storyboard */ = {
			isa = PBXVariantGroup;
			children = (
				0B5D55E221184F5A00F85585 /* Base */,
			);
			name = Main.storyboard;
			sourceTree = "<group>";
		};
		0B5D55E621184F5D00F85585 /* LaunchScreen.storyboard */ = {
			isa = PBXVariantGroup;
			children = (
				0B5D55E721184F5D00F85585 /* Base */,
			);
			name = LaunchScreen.storyboard;
			sourceTree = "<group>";
		};
/* End PBXVariantGroup section */

/* Begin XCBuildConfiguration section */
		0B5D560221184F5D00F85585 /* Debug */ = {
			isa = XCBuildConfiguration;
			buildSettings = {
				ALWAYS_SEARCH_USER_PATHS = NO;
				CLANG_ANALYZER_NONNULL = YES;
				CLANG_ANALYZER_NUMBER_OBJECT_CONVERSION = YES_AGGRESSIVE;
				CLANG_CXX_LANGUAGE_STANDARD = "gnu++14";
				CLANG_CXX_LIBRARY = "libc++";
				CLANG_ENABLE_MODULES = YES;
				CLANG_ENABLE_OBJC_ARC = YES;
				CLANG_ENABLE_OBJC_WEAK = YES;
				CLANG_WARN_BLOCK_CAPTURE_AUTORELEASING = YES;
				CLANG_WARN_BOOL_CONVERSION = YES;
				CLANG_WARN_COMMA = YES;
				CLANG_WARN_CONSTANT_CONVERSION = YES;
				CLANG_WARN_DEPRECATED_OBJC_IMPLEMENTATIONS = YES;
				CLANG_WARN_DIRECT_OBJC_ISA_USAGE = YES_ERROR;
				CLANG_WARN_DOCUMENTATION_COMMENTS = YES;
				CLANG_WARN_EMPTY_BODY = YES;
				CLANG_WARN_ENUM_CONVERSION = YES;
				CLANG_WARN_INFINITE_RECURSION = YES;
				CLANG_WARN_INT_CONVERSION = YES;
				CLANG_WARN_NON_LITERAL_NULL_CONVERSION = YES;
				CLANG_WARN_OBJC_IMPLICIT_RETAIN_SELF = YES;
				CLANG_WARN_OBJC_LITERAL_CONVERSION = YES;
				CLANG_WARN_OBJC_ROOT_CLASS = YES_ERROR;
				CLANG_WARN_RANGE_LOOP_ANALYSIS = YES;
				CLANG_WARN_STRICT_PROTOTYPES = YES;
				CLANG_WARN_SUSPICIOUS_MOVE = YES;
				CLANG_WARN_UNGUARDED_AVAILABILITY = YES_AGGRESSIVE;
				CLANG_WARN_UNREACHABLE_CODE = YES;
				CLANG_WARN__DUPLICATE_METHOD_MATCH = YES;
				CODE_SIGN_IDENTITY = "iPhone Developer";
				COPY_PHASE_STRIP = NO;
				DEBUG_INFORMATION_FORMAT = dwarf;
				ENABLE_STRICT_OBJC_MSGSEND = YES;
				ENABLE_TESTABILITY = YES;
				GCC_C_LANGUAGE_STANDARD = gnu11;
				GCC_DYNAMIC_NO_PIC = NO;
				GCC_NO_COMMON_BLOCKS = YES;
				GCC_OPTIMIZATION_LEVEL = 0;
				GCC_PREPROCESSOR_DEFINITIONS = (
					"DEBUG=1",
					"$(inherited)",
				);
				GCC_WARN_64_TO_32_BIT_CONVERSION = YES;
				GCC_WARN_ABOUT_RETURN_TYPE = YES_ERROR;
				GCC_WARN_UNDECLARED_SELECTOR = YES;
				GCC_WARN_UNINITIALIZED_AUTOS = YES_AGGRESSIVE;
				GCC_WARN_UNUSED_FUNCTION = YES;
				GCC_WARN_UNUSED_VARIABLE = YES;
				IPHONEOS_DEPLOYMENT_TARGET = 11.4;
				MTL_ENABLE_DEBUG_INFO = YES;
				ONLY_ACTIVE_ARCH = YES;
				SDKROOT = iphoneos;
			};
			name = Debug;
		};
		0B5D560321184F5D00F85585 /* Release */ = {
			isa = XCBuildConfiguration;
			buildSettings = {
				ALWAYS_SEARCH_USER_PATHS = NO;
				CLANG_ANALYZER_NONNULL = YES;
				CLANG_ANALYZER_NUMBER_OBJECT_CONVERSION = YES_AGGRESSIVE;
				CLANG_CXX_LANGUAGE_STANDARD = "gnu++14";
				CLANG_CXX_LIBRARY = "libc++";
				CLANG_ENABLE_MODULES = YES;
				CLANG_ENABLE_OBJC_ARC = YES;
				CLANG_ENABLE_OBJC_WEAK = YES;
				CLANG_WARN_BLOCK_CAPTURE_AUTORELEASING = YES;
				CLANG_WARN_BOOL_CONVERSION = YES;
				CLANG_WARN_COMMA = YES;
				CLANG_WARN_CONSTANT_CONVERSION = YES;
				CLANG_WARN_DEPRECATED_OBJC_IMPLEMENTATIONS = YES;
				CLANG_WARN_DIRECT_OBJC_ISA_USAGE = YES_ERROR;
				CLANG_WARN_DOCUMENTATION_COMMENTS = YES;
				CLANG_WARN_EMPTY_BODY = YES;
				CLANG_WARN_ENUM_CONVERSION = YES;
				CLANG_WARN_INFINITE_RECURSION = YES;
				CLANG_WARN_INT_CONVERSION = YES;
				CLANG_WARN_NON_LITERAL_NULL_CONVERSION = YES;
				CLANG_WARN_OBJC_IMPLICIT_RETAIN_SELF = YES;
				CLANG_WARN_OBJC_LITERAL_CONVERSION = YES;
				CLANG_WARN_OBJC_ROOT_CLASS = YES_ERROR;
				CLANG_WARN_RANGE_LOOP_ANALYSIS = YES;
				CLANG_WARN_STRICT_PROTOTYPES = YES;
				CLANG_WARN_SUSPICIOUS_MOVE = YES;
				CLANG_WARN_UNGUARDED_AVAILABILITY = YES_AGGRESSIVE;
				CLANG_WARN_UNREACHABLE_CODE = YES;
				CLANG_WARN__DUPLICATE_METHOD_MATCH = YES;
				CODE_SIGN_IDENTITY = "iPhone Developer";
				COPY_PHASE_STRIP = NO;
				DEBUG_INFORMATION_FORMAT = "dwarf-with-dsym";
				ENABLE_NS_ASSERTIONS = NO;
				ENABLE_STRICT_OBJC_MSGSEND = YES;
				GCC_C_LANGUAGE_STANDARD = gnu11;
				GCC_NO_COMMON_BLOCKS = YES;
				GCC_WARN_64_TO_32_BIT_CONVERSION = YES;
				GCC_WARN_ABOUT_RETURN_TYPE = YES_ERROR;
				GCC_WARN_UNDECLARED_SELECTOR = YES;
				GCC_WARN_UNINITIALIZED_AUTOS = YES_AGGRESSIVE;
				GCC_WARN_UNUSED_FUNCTION = YES;
				GCC_WARN_UNUSED_VARIABLE = YES;
				IPHONEOS_DEPLOYMENT_TARGET = 11.4;
				MTL_ENABLE_DEBUG_INFO = NO;
				SDKROOT = iphoneos;
				VALIDATE_PRODUCT = YES;
			};
			name = Release;
		};
		0B5D560521184F5D00F85585 /* Debug */ = {
			isa = XCBuildConfiguration;
			buildSettings = {
				ASSETCATALOG_COMPILER_APPICON_NAME = AppIcon;
				CODE_SIGN_STYLE = Automatic;
				INFOPLIST_FILE = ACFlip/Info.plist;
				LD_RUNPATH_SEARCH_PATHS = (
					"$(inherited)",
					"@executable_path/Frameworks",
				);
				PRODUCT_BUNDLE_IDENTIFIER = com.kuah.ACFlip;
				PRODUCT_NAME = "$(TARGET_NAME)";
				TARGETED_DEVICE_FAMILY = "1,2";
			};
			name = Debug;
		};
		0B5D560621184F5D00F85585 /* Release */ = {
			isa = XCBuildConfiguration;
			buildSettings = {
				ASSETCATALOG_COMPILER_APPICON_NAME = AppIcon;
				CODE_SIGN_STYLE = Automatic;
				INFOPLIST_FILE = ACFlip/Info.plist;
				LD_RUNPATH_SEARCH_PATHS = (
					"$(inherited)",
					"@executable_path/Frameworks",
				);
				PRODUCT_BUNDLE_IDENTIFIER = com.kuah.ACFlip;
				PRODUCT_NAME = "$(TARGET_NAME)";
				TARGETED_DEVICE_FAMILY = "1,2";
			};
			name = Release;
		};
		0B5D560821184F5D00F85585 /* Debug */ = {
			isa = XCBuildConfiguration;
			buildSettings = {
				BUNDLE_LOADER = "$(TEST_HOST)";
				CODE_SIGN_STYLE = Automatic;
				INFOPLIST_FILE = ACFlipTests/Info.plist;
				LD_RUNPATH_SEARCH_PATHS = (
					"$(inherited)",
					"@executable_path/Frameworks",
					"@loader_path/Frameworks",
				);
				PRODUCT_BUNDLE_IDENTIFIER = com.kuah.ACFlipTests;
				PRODUCT_NAME = "$(TARGET_NAME)";
				TARGETED_DEVICE_FAMILY = "1,2";
				TEST_HOST = "$(BUILT_PRODUCTS_DIR)/ACFlip.app/ACFlip";
			};
			name = Debug;
		};
		0B5D560921184F5D00F85585 /* Release */ = {
			isa = XCBuildConfiguration;
			buildSettings = {
				BUNDLE_LOADER = "$(TEST_HOST)";
				CODE_SIGN_STYLE = Automatic;
				INFOPLIST_FILE = ACFlipTests/Info.plist;
				LD_RUNPATH_SEARCH_PATHS = (
					"$(inherited)",
					"@executable_path/Frameworks",
					"@loader_path/Frameworks",
				);
				PRODUCT_BUNDLE_IDENTIFIER = com.kuah.ACFlipTests;
				PRODUCT_NAME = "$(TARGET_NAME)";
				TARGETED_DEVICE_FAMILY = "1,2";
				TEST_HOST = "$(BUILT_PRODUCTS_DIR)/ACFlip.app/ACFlip";
			};
			name = Release;
		};
		0B5D560B21184F5D00F85585 /* Debug */ = {
			isa = XCBuildConfiguration;
			buildSettings = {
				CODE_SIGN_STYLE = Automatic;
				INFOPLIST_FILE = ACFlipUITests/Info.plist;
				LD_RUNPATH_SEARCH_PATHS = (
					"$(inherited)",
					"@executable_path/Frameworks",
					"@loader_path/Frameworks",
				);
				PRODUCT_BUNDLE_IDENTIFIER = com.kuah.ACFlipUITests;
				PRODUCT_NAME = "$(TARGET_NAME)";
				TARGETED_DEVICE_FAMILY = "1,2";
				TEST_TARGET_NAME = ACFlip;
			};
			name = Debug;
		};
		0B5D560C21184F5D00F85585 /* Release */ = {
			isa = XCBuildConfiguration;
			buildSettings = {
				CODE_SIGN_STYLE = Automatic;
				INFOPLIST_FILE = ACFlipUITests/Info.plist;
				LD_RUNPATH_SEARCH_PATHS = (
					"$(inherited)",
					"@executable_path/Frameworks",
					"@loader_path/Frameworks",
				);
				PRODUCT_BUNDLE_IDENTIFIER = com.kuah.ACFlipUITests;
				PRODUCT_NAME = "$(TARGET_NAME)";
				TARGETED_DEVICE_FAMILY = "1,2";
				TEST_TARGET_NAME = ACFlip;
			};
			name = Release;
		};
/* End XCBuildConfiguration section */

/* Begin XCConfigurationList section */
		0B5D55D321184F5A00F85585 /* Build configuration list for PBXProject "ACFlip" */ = {
			isa = XCConfigurationList;
			buildConfigurations = (
				0B5D560221184F5D00F85585 /* Debug */,
				0B5D560321184F5D00F85585 /* Release */,
			);
			defaultConfigurationIsVisible = 0;
			defaultConfigurationName = Release;
		};
		0B5D560421184F5D00F85585 /* Build configuration list for PBXNativeTarget "ACFlip" */ = {
			isa = XCConfigurationList;
			buildConfigurations = (
				0B5D560521184F5D00F85585 /* Debug */,
				0B5D560621184F5D00F85585 /* Release */,
			);
			defaultConfigurationIsVisible = 0;
			defaultConfigurationName = Release;
		};
		0B5D560721184F5D00F85585 /* Build configuration list for PBXNativeTarget "ACFlipTests" */ = {
			isa = XCConfigurationList;
			buildConfigurations = (
				0B5D560821184F5D00F85585 /* Debug */,
				0B5D560921184F5D00F85585 /* Release */,
			);
			defaultConfigurationIsVisible = 0;
			defaultConfigurationName = Release;
		};
		0B5D560A21184F5D00F85585 /* Build configuration list for PBXNativeTarget "ACFlipUITests" */ = {
			isa = XCConfigurationList;
			buildConfigurations = (
				0B5D560B21184F5D00F85585 /* Debug */,
				0B5D560C21184F5D00F85585 /* Release */,
			);
			defaultConfigurationIsVisible = 0;
			defaultConfigurationName = Release;
		};
/* End XCConfigurationList section */
	};
	rootObject = 0B5D55D021184F5A00F85585 /* Project object */;
}
